
Microsoft Visual Studio Solution File, Format Version 12.00
# Visual Studio 15
VisualStudioVersion = 15.0.28307.779
MinimumVisualStudioVersion = 10.0.40219.1
Project("{FAE04EC0-301F-11D3-BF4B-00C04F79EFBC}") = "ByCADDrawGridLevel", "ByCADDrawGridLevel\ByCADDrawGridLevel.csproj", "{38D89EC3-B53F-4BF9-ACFE-DBF208567753}"
EndProject
Project("{FAE04EC0-301F-11D3-BF4B-00C04F79EFBC}") = "ByCADDrawColumnsWalls", "ByCADDrawColumnsWalls\ByCADDrawColumnsWalls.csproj", "{9C3950EA-1FFD-40D3-B50D-52C86E04654D}"
EndProject
Project("{FAE04EC0-301F-11D3-BF4B-00C04F79EFBC}") = "ByCADDrawBeams", "ByCADDrawBeams\ByCADDrawBeams.csproj", "{5576D8FC-4A68-4DF0-AAE0-C86067AEC696}"
EndProject
Project("{FAE04EC0-301F-11D3-BF4B-00C04F79EFBC}") = "ByCADDrawFloors", "ByCADDrawFloors\ByCADDrawFloors.csproj", "{A8D97B9E-84A4-4200-B667-30B7E101148F}"
EndProject
Project("{FAE04EC0-301F-11D3-BF4B-00C04F79EFBC}") = "By CADCheckJoin", "By CADCheckJoin\By CADCheckJoin.csproj", "{A62CE7B9-69E9-4004-B796-353453A88F73}"
EndProject
Global
	GlobalSection(SolutionConfigurationPlatforms) = preSolution
		Debug|Any CPU = Debug|Any CPU
		Release|Any CPU = Release|Any CPU
	EndGlobalSection
	GlobalSection(ProjectConfigurationPlatforms) = postSolution
		{38D89EC3-B53F-4BF9-ACFE-DBF208567753}.Debug|Any CPU.ActiveCfg = Debug|Any CPU
		{38D89EC3-B53F-4BF9-ACFE-DBF208567753}.Debug|Any CPU.Build.0 = Debug|Any CPU
		{38D89EC3-B53F-4BF9-ACFE-DBF208567753}.Release|Any CPU.ActiveCfg = Release|Any CPU
		{38D89EC3-B53F-4BF9-ACFE-DBF208567753}.Release|Any CPU.Build.0 = Release|Any CPU
		{9C3950EA-1FFD-40D3-B50D-52C86E04654D}.Debug|Any CPU.ActiveCfg = Debug|Any CPU
		{9C3950EA-1FFD-40D3-B50D-52C86E04654D}.Debug|Any CPU.Build.0 = Debug|Any CPU
		{9C3950EA-1FFD-40D3-B50D-52C86E04654D}.Release|Any CPU.ActiveCfg = Release|Any CPU
		{9C3950EA-1FFD-40D3-B50D-52C86E04654D}.Release|Any CPU.Build.0 = Release|Any CPU
		{5576D8FC-4A68-4DF0-AAE0-C86067AEC696}.Debug|Any CPU.ActiveCfg = Debug|Any CPU
		{5576D8FC-4A68-4DF0-AAE0-C86067AEC696}.Debug|Any CPU.Build.0 = Debug|Any CPU
		{5576D8FC-4A68-4DF0-AAE0-C86067AEC696}.Release|Any CPU.ActiveCfg = Release|Any CPU
		{5576D8FC-4A68-4DF0-AAE0-C86067AEC696}.Release|Any CPU.Build.0 = Release|Any CPU
		{A8D97B9E-84A4-4200-B667-30B7E101148F}.Debug|Any CPU.ActiveCfg = Debug|Any CPU
		{A8D97B9E-84A4-4200-B667-30B7E101148F}.Debug|Any CPU.Build.0 = Debug|Any CPU
		{A8D97B9E-84A4-4200-B667-30B7E101148F}.Release|Any CPU.ActiveCfg = Release|Any CPU
		{A8D97B9E-84A4-4200-B667-30B7E101148F}.Release|Any CPU.Build.0 = Release|Any CPU
		{A62CE7B9-69E9-4004-B796-353453A88F73}.Debug|Any CPU.ActiveCfg = Debug|Any CPU
		{A62CE7B9-69E9-4004-B796-353453A88F73}.Debug|Any CPU.Build.0 = Debug|Any CPU
		{A62CE7B9-69E9-4004-B796-353453A88F73}.Release|Any CPU.ActiveCfg = Release|Any CPU
		{A62CE7B9-69E9-4004-B796-353453A88F73}.Release|Any CPU.Build.0 = Release|Any CPU
	EndGlobalSection
	GlobalSection(SolutionProperties) = preSolution
		HideSolutionNode = FALSE
	EndGlobalSection
	GlobalSection(ExtensibilityGlobals) = postSolution
		SolutionGuid = {17905C7A-776A-4334-BBCF-B1ED4C130004}
	EndGlobalSection
EndGlobal
