
Microsoft Visual Studio Solution File, Format Version 12.00
# Visual Studio 15
VisualStudioVersion = 15.0.28307.779
MinimumVisualStudioVersion = 10.0.40219.1
Project("{FAE04EC0-301F-11D3-BF4B-00C04F79EFBC}") = "TestIntersection", "TestIntersection\TestIntersection.csproj", "{38D89EC3-B53F-4BF9-ACFE-DBF208567753}"
EndProject
Project("{FAE04EC0-301F-11D3-BF4B-00C04F79EFBC}") = "TestIntersectionPoint", "TestIntersectionPoint\TestIntersectionPoint.csproj", "{40AF11BB-FF18-4D4C-94C8-E58FDDA80928}"
EndProject
Project("{FAE04EC0-301F-11D3-BF4B-00C04F79EFBC}") = "UniqueId", "UniqueId\UniqueId.csproj", "{AD4E8E24-3085-4D31-91FF-83840FFA480E}"
EndProject
Project("{FAE04EC0-301F-11D3-BF4B-00C04F79EFBC}") = "ViewUniqueId", "ViewUniqueId\ViewUniqueId.csproj", "{9BCC31D8-9E45-4304-A993-EA9EE90CB86D}"
EndProject
Project("{FAE04EC0-301F-11D3-BF4B-00C04F79EFBC}") = "RevitSetup", "RevitSetup\RevitSetup.csproj", "{F651A9AF-E82D-4E1D-AFBD-E184DC92D7C9}"
EndProject
Project("{FAE04EC0-301F-11D3-BF4B-00C04F79EFBC}") = "SaveAsRevit", "SaveAsRevit\SaveAsRevit.csproj", "{230AF609-E276-4AF4-A633-0F5FB413FDEE}"
EndProject
Project("{FAE04EC0-301F-11D3-BF4B-00C04F79EFBC}") = "CreateMaterials", "CreateMaterials\CreateMaterials.csproj", "{9E206E37-26C6-42B0-9E9E-C5D4D26F1565}"
EndProject
Project("{FAE04EC0-301F-11D3-BF4B-00C04F79EFBC}") = "ElementsTypeColumn", "ElementsTypeColumn\ElementsTypeColumn.csproj", "{C36BAAE7-E386-4FDE-83FF-72232478797D}"
EndProject
Project("{FAE04EC0-301F-11D3-BF4B-00C04F79EFBC}") = "FilterElementProperty", "FilterElementProperty\FilterElementProperty.csproj", "{9B0AB065-4DF1-4EF5-960D-DDFE5BDA8CE3}"
EndProject
Project("{FAE04EC0-301F-11D3-BF4B-00C04F79EFBC}") = "GetVolume", "GetVolumeVK\GetVolume.csproj", "{FA30EE2A-9975-4F66-9C91-6DB5E0487293}"
EndProject
Project("{FAE04EC0-301F-11D3-BF4B-00C04F79EFBC}") = "LevelElevation", "LevelElevation\LevelElevation.csproj", "{6DA3E0D7-4D46-4B90-BD73-19029B3CAFEF}"
EndProject
Project("{FAE04EC0-301F-11D3-BF4B-00C04F79EFBC}") = "CompanyRibbon", "Ribbon\CompanyRibbon.csproj", "{995F20AC-7AC5-4405-B9C3-FCBAF839FC74}"
EndProject
Project("{FAE04EC0-301F-11D3-BF4B-00C04F79EFBC}") = "SetupVisible", "SetupVisible\SetupVisible.csproj", "{F75CFF15-0AE8-452D-AFED-429E3B8442E6}"
EndProject
Project("{FAE04EC0-301F-11D3-BF4B-00C04F79EFBC}") = "EditClashComment", "EditClashComment\EditClashComment.csproj", "{5FD89068-2AE5-4EBE-A9B1-9E0104F49FDB}"
EndProject
Project("{FAE04EC0-301F-11D3-BF4B-00C04F79EFBC}") = "Updater", "Updater\Updater.csproj", "{7A842946-76CF-4379-981C-3032E4256166}"
EndProject
Project("{FAE04EC0-301F-11D3-BF4B-00C04F79EFBC}") = "JoinToolsAuto", "JoinTools\JoinToolsAuto.csproj", "{E296A40B-7564-4A67-81EE-0E0264A86E0E}"
EndProject
Global
	GlobalSection(SolutionConfigurationPlatforms) = preSolution
		Debug|Any CPU = Debug|Any CPU
		Debug|x64 = Debug|x64
		Release|Any CPU = Release|Any CPU
		Release|x64 = Release|x64
	EndGlobalSection
	GlobalSection(ProjectConfigurationPlatforms) = postSolution
		{38D89EC3-B53F-4BF9-ACFE-DBF208567753}.Debug|Any CPU.ActiveCfg = Debug|Any CPU
		{38D89EC3-B53F-4BF9-ACFE-DBF208567753}.Debug|Any CPU.Build.0 = Debug|Any CPU
		{38D89EC3-B53F-4BF9-ACFE-DBF208567753}.Debug|x64.ActiveCfg = Debug|Any CPU
		{38D89EC3-B53F-4BF9-ACFE-DBF208567753}.Debug|x64.Build.0 = Debug|Any CPU
		{38D89EC3-B53F-4BF9-ACFE-DBF208567753}.Release|Any CPU.ActiveCfg = Release|Any CPU
		{38D89EC3-B53F-4BF9-ACFE-DBF208567753}.Release|Any CPU.Build.0 = Release|Any CPU
		{38D89EC3-B53F-4BF9-ACFE-DBF208567753}.Release|x64.ActiveCfg = Release|Any CPU
		{38D89EC3-B53F-4BF9-ACFE-DBF208567753}.Release|x64.Build.0 = Release|Any CPU
		{40AF11BB-FF18-4D4C-94C8-E58FDDA80928}.Debug|Any CPU.ActiveCfg = Debug|Any CPU
		{40AF11BB-FF18-4D4C-94C8-E58FDDA80928}.Debug|Any CPU.Build.0 = Debug|Any CPU
		{40AF11BB-FF18-4D4C-94C8-E58FDDA80928}.Debug|x64.ActiveCfg = Debug|Any CPU
		{40AF11BB-FF18-4D4C-94C8-E58FDDA80928}.Debug|x64.Build.0 = Debug|Any CPU
		{40AF11BB-FF18-4D4C-94C8-E58FDDA80928}.Release|Any CPU.ActiveCfg = Release|Any CPU
		{40AF11BB-FF18-4D4C-94C8-E58FDDA80928}.Release|Any CPU.Build.0 = Release|Any CPU
		{40AF11BB-FF18-4D4C-94C8-E58FDDA80928}.Release|x64.ActiveCfg = Release|Any CPU
		{40AF11BB-FF18-4D4C-94C8-E58FDDA80928}.Release|x64.Build.0 = Release|Any CPU
		{AD4E8E24-3085-4D31-91FF-83840FFA480E}.Debug|Any CPU.ActiveCfg = Debug|Any CPU
		{AD4E8E24-3085-4D31-91FF-83840FFA480E}.Debug|Any CPU.Build.0 = Debug|Any CPU
		{AD4E8E24-3085-4D31-91FF-83840FFA480E}.Debug|x64.ActiveCfg = Debug|Any CPU
		{AD4E8E24-3085-4D31-91FF-83840FFA480E}.Debug|x64.Build.0 = Debug|Any CPU
		{AD4E8E24-3085-4D31-91FF-83840FFA480E}.Release|Any CPU.ActiveCfg = Release|Any CPU
		{AD4E8E24-3085-4D31-91FF-83840FFA480E}.Release|Any CPU.Build.0 = Release|Any CPU
		{AD4E8E24-3085-4D31-91FF-83840FFA480E}.Release|x64.ActiveCfg = Release|Any CPU
		{AD4E8E24-3085-4D31-91FF-83840FFA480E}.Release|x64.Build.0 = Release|Any CPU
		{9BCC31D8-9E45-4304-A993-EA9EE90CB86D}.Debug|Any CPU.ActiveCfg = Debug|Any CPU
		{9BCC31D8-9E45-4304-A993-EA9EE90CB86D}.Debug|Any CPU.Build.0 = Debug|Any CPU
		{9BCC31D8-9E45-4304-A993-EA9EE90CB86D}.Debug|x64.ActiveCfg = Debug|Any CPU
		{9BCC31D8-9E45-4304-A993-EA9EE90CB86D}.Debug|x64.Build.0 = Debug|Any CPU
		{9BCC31D8-9E45-4304-A993-EA9EE90CB86D}.Release|Any CPU.ActiveCfg = Release|Any CPU
		{9BCC31D8-9E45-4304-A993-EA9EE90CB86D}.Release|Any CPU.Build.0 = Release|Any CPU
		{9BCC31D8-9E45-4304-A993-EA9EE90CB86D}.Release|x64.ActiveCfg = Release|Any CPU
		{9BCC31D8-9E45-4304-A993-EA9EE90CB86D}.Release|x64.Build.0 = Release|Any CPU
		{F651A9AF-E82D-4E1D-AFBD-E184DC92D7C9}.Debug|Any CPU.ActiveCfg = Debug|Any CPU
		{F651A9AF-E82D-4E1D-AFBD-E184DC92D7C9}.Debug|Any CPU.Build.0 = Debug|Any CPU
		{F651A9AF-E82D-4E1D-AFBD-E184DC92D7C9}.Debug|x64.ActiveCfg = Debug|Any CPU
		{F651A9AF-E82D-4E1D-AFBD-E184DC92D7C9}.Debug|x64.Build.0 = Debug|Any CPU
		{F651A9AF-E82D-4E1D-AFBD-E184DC92D7C9}.Release|Any CPU.ActiveCfg = Release|Any CPU
		{F651A9AF-E82D-4E1D-AFBD-E184DC92D7C9}.Release|Any CPU.Build.0 = Release|Any CPU
		{F651A9AF-E82D-4E1D-AFBD-E184DC92D7C9}.Release|x64.ActiveCfg = Release|Any CPU
		{F651A9AF-E82D-4E1D-AFBD-E184DC92D7C9}.Release|x64.Build.0 = Release|Any CPU
		{230AF609-E276-4AF4-A633-0F5FB413FDEE}.Debug|Any CPU.ActiveCfg = Debug|Any CPU
		{230AF609-E276-4AF4-A633-0F5FB413FDEE}.Debug|Any CPU.Build.0 = Debug|Any CPU
		{230AF609-E276-4AF4-A633-0F5FB413FDEE}.Debug|x64.ActiveCfg = Debug|Any CPU
		{230AF609-E276-4AF4-A633-0F5FB413FDEE}.Debug|x64.Build.0 = Debug|Any CPU
		{230AF609-E276-4AF4-A633-0F5FB413FDEE}.Release|Any CPU.ActiveCfg = Release|Any CPU
		{230AF609-E276-4AF4-A633-0F5FB413FDEE}.Release|Any CPU.Build.0 = Release|Any CPU
		{230AF609-E276-4AF4-A633-0F5FB413FDEE}.Release|x64.ActiveCfg = Release|Any CPU
		{230AF609-E276-4AF4-A633-0F5FB413FDEE}.Release|x64.Build.0 = Release|Any CPU
		{9E206E37-26C6-42B0-9E9E-C5D4D26F1565}.Debug|Any CPU.ActiveCfg = Debug|Any CPU
		{9E206E37-26C6-42B0-9E9E-C5D4D26F1565}.Debug|Any CPU.Build.0 = Debug|Any CPU
		{9E206E37-26C6-42B0-9E9E-C5D4D26F1565}.Debug|x64.ActiveCfg = Debug|Any CPU
		{9E206E37-26C6-42B0-9E9E-C5D4D26F1565}.Debug|x64.Build.0 = Debug|Any CPU
		{9E206E37-26C6-42B0-9E9E-C5D4D26F1565}.Release|Any CPU.ActiveCfg = Release|Any CPU
		{9E206E37-26C6-42B0-9E9E-C5D4D26F1565}.Release|Any CPU.Build.0 = Release|Any CPU
		{9E206E37-26C6-42B0-9E9E-C5D4D26F1565}.Release|x64.ActiveCfg = Release|Any CPU
		{9E206E37-26C6-42B0-9E9E-C5D4D26F1565}.Release|x64.Build.0 = Release|Any CPU
		{C36BAAE7-E386-4FDE-83FF-72232478797D}.Debug|Any CPU.ActiveCfg = Debug|Any CPU
		{C36BAAE7-E386-4FDE-83FF-72232478797D}.Debug|Any CPU.Build.0 = Debug|Any CPU
		{C36BAAE7-E386-4FDE-83FF-72232478797D}.Debug|x64.ActiveCfg = Debug|x64
		{C36BAAE7-E386-4FDE-83FF-72232478797D}.Debug|x64.Build.0 = Debug|x64
		{C36BAAE7-E386-4FDE-83FF-72232478797D}.Release|Any CPU.ActiveCfg = Release|Any CPU
		{C36BAAE7-E386-4FDE-83FF-72232478797D}.Release|Any CPU.Build.0 = Release|Any CPU
		{C36BAAE7-E386-4FDE-83FF-72232478797D}.Release|x64.ActiveCfg = Release|x64
		{C36BAAE7-E386-4FDE-83FF-72232478797D}.Release|x64.Build.0 = Release|x64
		{9B0AB065-4DF1-4EF5-960D-DDFE5BDA8CE3}.Debug|Any CPU.ActiveCfg = Debug|Any CPU
		{9B0AB065-4DF1-4EF5-960D-DDFE5BDA8CE3}.Debug|Any CPU.Build.0 = Debug|Any CPU
		{9B0AB065-4DF1-4EF5-960D-DDFE5BDA8CE3}.Debug|x64.ActiveCfg = Debug|x64
		{9B0AB065-4DF1-4EF5-960D-DDFE5BDA8CE3}.Debug|x64.Build.0 = Debug|x64
		{9B0AB065-4DF1-4EF5-960D-DDFE5BDA8CE3}.Release|Any CPU.ActiveCfg = Release|Any CPU
		{9B0AB065-4DF1-4EF5-960D-DDFE5BDA8CE3}.Release|Any CPU.Build.0 = Release|Any CPU
		{9B0AB065-4DF1-4EF5-960D-DDFE5BDA8CE3}.Release|x64.ActiveCfg = Release|x64
		{9B0AB065-4DF1-4EF5-960D-DDFE5BDA8CE3}.Release|x64.Build.0 = Release|x64
		{FA30EE2A-9975-4F66-9C91-6DB5E0487293}.Debug|Any CPU.ActiveCfg = Debug|Any CPU
		{FA30EE2A-9975-4F66-9C91-6DB5E0487293}.Debug|Any CPU.Build.0 = Debug|Any CPU
		{FA30EE2A-9975-4F66-9C91-6DB5E0487293}.Debug|x64.ActiveCfg = Debug|x64
		{FA30EE2A-9975-4F66-9C91-6DB5E0487293}.Debug|x64.Build.0 = Debug|x64
		{FA30EE2A-9975-4F66-9C91-6DB5E0487293}.Release|Any CPU.ActiveCfg = Release|Any CPU
		{FA30EE2A-9975-4F66-9C91-6DB5E0487293}.Release|Any CPU.Build.0 = Release|Any CPU
		{FA30EE2A-9975-4F66-9C91-6DB5E0487293}.Release|x64.ActiveCfg = Release|x64
		{FA30EE2A-9975-4F66-9C91-6DB5E0487293}.Release|x64.Build.0 = Release|x64
		{6DA3E0D7-4D46-4B90-BD73-19029B3CAFEF}.Debug|Any CPU.ActiveCfg = Debug|Any CPU
		{6DA3E0D7-4D46-4B90-BD73-19029B3CAFEF}.Debug|Any CPU.Build.0 = Debug|Any CPU
		{6DA3E0D7-4D46-4B90-BD73-19029B3CAFEF}.Debug|x64.ActiveCfg = Debug|Any CPU
		{6DA3E0D7-4D46-4B90-BD73-19029B3CAFEF}.Debug|x64.Build.0 = Debug|Any CPU
		{6DA3E0D7-4D46-4B90-BD73-19029B3CAFEF}.Release|Any CPU.ActiveCfg = Release|Any CPU
		{6DA3E0D7-4D46-4B90-BD73-19029B3CAFEF}.Release|Any CPU.Build.0 = Release|Any CPU
		{6DA3E0D7-4D46-4B90-BD73-19029B3CAFEF}.Release|x64.ActiveCfg = Release|Any CPU
		{6DA3E0D7-4D46-4B90-BD73-19029B3CAFEF}.Release|x64.Build.0 = Release|Any CPU
		{995F20AC-7AC5-4405-B9C3-FCBAF839FC74}.Debug|Any CPU.ActiveCfg = Debug|Any CPU
		{995F20AC-7AC5-4405-B9C3-FCBAF839FC74}.Debug|Any CPU.Build.0 = Debug|Any CPU
		{995F20AC-7AC5-4405-B9C3-FCBAF839FC74}.Debug|x64.ActiveCfg = Debug|Any CPU
		{995F20AC-7AC5-4405-B9C3-FCBAF839FC74}.Debug|x64.Build.0 = Debug|Any CPU
		{995F20AC-7AC5-4405-B9C3-FCBAF839FC74}.Release|Any CPU.ActiveCfg = Release|Any CPU
		{995F20AC-7AC5-4405-B9C3-FCBAF839FC74}.Release|Any CPU.Build.0 = Release|Any CPU
		{995F20AC-7AC5-4405-B9C3-FCBAF839FC74}.Release|x64.ActiveCfg = Release|Any CPU
		{995F20AC-7AC5-4405-B9C3-FCBAF839FC74}.Release|x64.Build.0 = Release|Any CPU
		{F75CFF15-0AE8-452D-AFED-429E3B8442E6}.Debug|Any CPU.ActiveCfg = Debug|Any CPU
		{F75CFF15-0AE8-452D-AFED-429E3B8442E6}.Debug|Any CPU.Build.0 = Debug|Any CPU
		{F75CFF15-0AE8-452D-AFED-429E3B8442E6}.Debug|x64.ActiveCfg = Debug|Any CPU
		{F75CFF15-0AE8-452D-AFED-429E3B8442E6}.Debug|x64.Build.0 = Debug|Any CPU
		{F75CFF15-0AE8-452D-AFED-429E3B8442E6}.Release|Any CPU.ActiveCfg = Release|Any CPU
		{F75CFF15-0AE8-452D-AFED-429E3B8442E6}.Release|Any CPU.Build.0 = Release|Any CPU
		{F75CFF15-0AE8-452D-AFED-429E3B8442E6}.Release|x64.ActiveCfg = Release|Any CPU
		{F75CFF15-0AE8-452D-AFED-429E3B8442E6}.Release|x64.Build.0 = Release|Any CPU
		{5FD89068-2AE5-4EBE-A9B1-9E0104F49FDB}.Debug|Any CPU.ActiveCfg = Debug|Any CPU
		{5FD89068-2AE5-4EBE-A9B1-9E0104F49FDB}.Debug|Any CPU.Build.0 = Debug|Any CPU
		{5FD89068-2AE5-4EBE-A9B1-9E0104F49FDB}.Debug|x64.ActiveCfg = Debug|Any CPU
		{5FD89068-2AE5-4EBE-A9B1-9E0104F49FDB}.Debug|x64.Build.0 = Debug|Any CPU
		{5FD89068-2AE5-4EBE-A9B1-9E0104F49FDB}.Release|Any CPU.ActiveCfg = Release|Any CPU
		{5FD89068-2AE5-4EBE-A9B1-9E0104F49FDB}.Release|Any CPU.Build.0 = Release|Any CPU
		{5FD89068-2AE5-4EBE-A9B1-9E0104F49FDB}.Release|x64.ActiveCfg = Release|Any CPU
		{5FD89068-2AE5-4EBE-A9B1-9E0104F49FDB}.Release|x64.Build.0 = Release|Any CPU
		{7A842946-76CF-4379-981C-3032E4256166}.Debug|Any CPU.ActiveCfg = Debug|Any CPU
		{7A842946-76CF-4379-981C-3032E4256166}.Debug|Any CPU.Build.0 = Debug|Any CPU
		{7A842946-76CF-4379-981C-3032E4256166}.Debug|x64.ActiveCfg = Debug|Any CPU
		{7A842946-76CF-4379-981C-3032E4256166}.Debug|x64.Build.0 = Debug|Any CPU
		{7A842946-76CF-4379-981C-3032E4256166}.Release|Any CPU.ActiveCfg = Release|Any CPU
		{7A842946-76CF-4379-981C-3032E4256166}.Release|Any CPU.Build.0 = Release|Any CPU
		{7A842946-76CF-4379-981C-3032E4256166}.Release|x64.ActiveCfg = Release|Any CPU
		{7A842946-76CF-4379-981C-3032E4256166}.Release|x64.Build.0 = Release|Any CPU
		{E296A40B-7564-4A67-81EE-0E0264A86E0E}.Debug|Any CPU.ActiveCfg = Debug|Any CPU
		{E296A40B-7564-4A67-81EE-0E0264A86E0E}.Debug|Any CPU.Build.0 = Debug|Any CPU
		{E296A40B-7564-4A67-81EE-0E0264A86E0E}.Debug|x64.ActiveCfg = Debug|Any CPU
		{E296A40B-7564-4A67-81EE-0E0264A86E0E}.Debug|x64.Build.0 = Debug|Any CPU
		{E296A40B-7564-4A67-81EE-0E0264A86E0E}.Release|Any CPU.ActiveCfg = Release|Any CPU
		{E296A40B-7564-4A67-81EE-0E0264A86E0E}.Release|Any CPU.Build.0 = Release|Any CPU
		{E296A40B-7564-4A67-81EE-0E0264A86E0E}.Release|x64.ActiveCfg = Release|Any CPU
		{E296A40B-7564-4A67-81EE-0E0264A86E0E}.Release|x64.Build.0 = Release|Any CPU
	EndGlobalSection
	GlobalSection(SolutionProperties) = preSolution
		HideSolutionNode = FALSE
	EndGlobalSection
	GlobalSection(ExtensibilityGlobals) = postSolution
		SolutionGuid = {6E7919CE-FCAA-4FDB-B784-7B5E32C2132F}
	EndGlobalSection
EndGlobal
